{
    "_readme": [
        "This file locks the dependencies of your project to a known state",
        "Read more about it at https://getcomposer.org/doc/01-basic-usage.md#installing-dependencies",
        "This file is @generated automatically"
    ],
    "content-hash": "f6be5e48800ba6ba1ec4ea41f2c2c3a9",
    "packages": [
        {
            "name": "picqer/php-barcode-generator",
            "version": "v0.4.0",
            "source": {
                "type": "git",
                "url": "https://github.com/picqer/php-barcode-generator.git",
                "reference": "6495fecafda0455ac4d4d1883ebe8813d1653d3e"
            },
            "dist": {
                "type": "zip",
                "url": "https://api.github.com/repos/picqer/php-barcode-generator/zipball/6495fecafda0455ac4d4d1883ebe8813d1653d3e",
                "reference": "6495fecafda0455ac4d4d1883ebe8813d1653d3e",
                "shasum": ""
            },
            "require": {
                "php": ">=7.2.0"
            },
            "require-dev": {
                "phpunit/phpunit": "^5.3"
            },
            "type": "library",
            "autoload": {
                "psr-4": {
                    "Picqer\\Barcode\\": "src"
                }
            },
            "notification-url": "https://packagist.org/downloads/",
            "license": [
                "LGPL-3.0-or-later"
            ],
            "authors": [
                {
                    "name": "Nicola Asuni",
                    "email": "info@tecnick.com",
                    "homepage": "http://nicolaasuni.tecnick.com"
                },
                {
                    "name": "Casper Bakker",
                    "email": "info@picqer.com"
                }
            ],
            "description": "An easy to use, non-bloated, barcode generator in PHP. Creates SVG, PNG, JPG and HTML images from the most used 1D barcode standards.",
            "homepage": "https://github.com/picqer/php-barcode-generator",
            "keywords": [
                "CODABAR",
                "Code11",
                "Code93",
                "EAN13",
                "KIX",
                "KIXCODE",
                "MSI",
                "POSTNET",
                "Pharma",
                "Standard 2 of 5",
                "barcode",
                "barcode generator",
                "code128",
                "code39",
                "ean",
                "html",
                "jpeg",
                "jpg",
                "php",
                "png",
                "svg",
                "upc"
            ],
            "support": {
                "issues": "https://github.com/picqer/php-barcode-generator/issues",
                "source": "https://github.com/picqer/php-barcode-generator/tree/v0.4.0"
            },
            "time": "2019-12-31T20:06:24+00:00"
        }
    ],
    "packages-dev": [],
    "aliases": [],
    "minimum-stability": "stable",
    "stability-flags": [],
    "prefer-stable": false,
    "prefer-lowest": false,
    "platform": [],
    "platform-dev": [],
    "plugin-api-version": "2.6.0"
}
